
Microsoft Visual Studio Solution File, Format Version 12.00
# Visual Studio Version 16
VisualStudioVersion = 16.0.31005.135
MinimumVisualStudioVersion = 10.0.40219.1
Project("{FAE04EC0-301F-11D3-BF4B-00C04F79EFBC}") = "TestingAssignment", "TestingAssignment\TestingAssignment.csproj", "{C47A8773-1917-41D0-A90B-BF9DEFDCF5A0}"
EndProject
Project("{FAE04EC0-301F-11D3-BF4B-00C04F79EFBC}") = "TestingAssignment.Tests", "TestingAssignment.Tests\TestingAssignment.Tests.csproj", "{B80B7398-B7BA-44EC-9628-24054F0527CD}"
EndProject
Global
	GlobalSection(SolutionConfigurationPlatforms) = preSolution
		Debug|Any CPU = Debug|Any CPU
		Release|Any CPU = Release|Any CPU
	EndGlobalSection
	GlobalSection(ProjectConfigurationPlatforms) = postSolution
		{C47A8773-1917-41D0-A90B-BF9DEFDCF5A0}.Debug|Any CPU.ActiveCfg = Debug|Any CPU
		{C47A8773-1917-41D0-A90B-BF9DEFDCF5A0}.Debug|Any CPU.Build.0 = Debug|Any CPU
		{C47A8773-1917-41D0-A90B-BF9DEFDCF5A0}.Release|Any CPU.ActiveCfg = Release|Any CPU
		{C47A8773-1917-41D0-A90B-BF9DEFDCF5A0}.Release|Any CPU.Build.0 = Release|Any CPU
		{B80B7398-B7BA-44EC-9628-24054F0527CD}.Debug|Any CPU.ActiveCfg = Debug|Any CPU
		{B80B7398-B7BA-44EC-9628-24054F0527CD}.Debug|Any CPU.Build.0 = Debug|Any CPU
		{B80B7398-B7BA-44EC-9628-24054F0527CD}.Release|Any CPU.ActiveCfg = Release|Any CPU
		{B80B7398-B7BA-44EC-9628-24054F0527CD}.Release|Any CPU.Build.0 = Release|Any CPU
	EndGlobalSection
	GlobalSection(SolutionProperties) = preSolution
		HideSolutionNode = FALSE
	EndGlobalSection
	GlobalSection(ExtensibilityGlobals) = postSolution
		SolutionGuid = {063D6245-DB87-4589-BADD-E83476A9F973}
	EndGlobalSection
EndGlobal
