
Microsoft Visual Studio Solution File, Format Version 12.00
# Visual Studio Version 16
VisualStudioVersion = 16.0.30621.155
MinimumVisualStudioVersion = 10.0.40219.1
Project("{FAE04EC0-301F-11D3-BF4B-00C04F79EFBC}") = "Scaffolding", "Scaffolding.csproj", "{B0F98C0C-2286-4EEF-82A6-66A1712E49C2}"
EndProject
Global
	GlobalSection(SolutionConfigurationPlatforms) = preSolution
		Debug|Any CPU = Debug|Any CPU
		Release|Any CPU = Release|Any CPU
	EndGlobalSection
	GlobalSection(ProjectConfigurationPlatforms) = postSolution
		{B0F98C0C-2286-4EEF-82A6-66A1712E49C2}.Debug|Any CPU.ActiveCfg = Debug|Any CPU
		{B0F98C0C-2286-4EEF-82A6-66A1712E49C2}.Debug|Any CPU.Build.0 = Debug|Any CPU
		{B0F98C0C-2286-4EEF-82A6-66A1712E49C2}.Release|Any CPU.ActiveCfg = Release|Any CPU
		{B0F98C0C-2286-4EEF-82A6-66A1712E49C2}.Release|Any CPU.Build.0 = Release|Any CPU
	EndGlobalSection
	GlobalSection(SolutionProperties) = preSolution
		HideSolutionNode = FALSE
	EndGlobalSection
	GlobalSection(ExtensibilityGlobals) = postSolution
		SolutionGuid = {421CB181-68B3-4FFE-B4A4-48683663C88F}
	EndGlobalSection
EndGlobal
