
Microsoft Visual Studio Solution File, Format Version 12.00
# Visual Studio Version 16
VisualStudioVersion = 16.0.30621.155
MinimumVisualStudioVersion = 10.0.40219.1
Project("{FAE04EC0-301F-11D3-BF4B-00C04F79EFBC}") = "UnitTesting", "UnitTesting.csproj", "{4B23896A-7C66-4052-93AB-266FCB976E93}"
EndProject
Project("{FAE04EC0-301F-11D3-BF4B-00C04F79EFBC}") = "UnitTesting.Tests", "..\UnitTesting.Tests\UnitTesting.Tests.csproj", "{AA921E3A-4EE7-4AD0-A954-27284AB28014}"
EndProject
Global
	GlobalSection(SolutionConfigurationPlatforms) = preSolution
		Debug|Any CPU = Debug|Any CPU
		Release|Any CPU = Release|Any CPU
	EndGlobalSection
	GlobalSection(ProjectConfigurationPlatforms) = postSolution
		{4B23896A-7C66-4052-93AB-266FCB976E93}.Debug|Any CPU.ActiveCfg = Debug|Any CPU
		{4B23896A-7C66-4052-93AB-266FCB976E93}.Debug|Any CPU.Build.0 = Debug|Any CPU
		{4B23896A-7C66-4052-93AB-266FCB976E93}.Release|Any CPU.ActiveCfg = Release|Any CPU
		{4B23896A-7C66-4052-93AB-266FCB976E93}.Release|Any CPU.Build.0 = Release|Any CPU
		{AA921E3A-4EE7-4AD0-A954-27284AB28014}.Debug|Any CPU.ActiveCfg = Debug|Any CPU
		{AA921E3A-4EE7-4AD0-A954-27284AB28014}.Debug|Any CPU.Build.0 = Debug|Any CPU
		{AA921E3A-4EE7-4AD0-A954-27284AB28014}.Release|Any CPU.ActiveCfg = Release|Any CPU
		{AA921E3A-4EE7-4AD0-A954-27284AB28014}.Release|Any CPU.Build.0 = Release|Any CPU
	EndGlobalSection
	GlobalSection(SolutionProperties) = preSolution
		HideSolutionNode = FALSE
	EndGlobalSection
	GlobalSection(ExtensibilityGlobals) = postSolution
		SolutionGuid = {F7621293-429D-4B62-90C7-C976BF5D0461}
	EndGlobalSection
EndGlobal
